
Microsoft Visual Studio Solution File, Format Version 12.00
# Visual Studio Version 16
VisualStudioVersion = 16.0.29519.181
MinimumVisualStudioVersion = 10.0.40219.1
Project("{FAE04EC0-301F-11D3-BF4B-00C04F79EFBC}") = "pacini_asynctimeserver", "pacini_asynctimeserver\pacini_asynctimeserver.csproj", "{9075802F-D5C5-46D1-8AFB-F479DFD5F228}"
EndProject
Project("{FAE04EC0-301F-11D3-BF4B-00C04F79EFBC}") = "pacini_socketasynclib", "pacini_socketasynclib\pacini_socketasynclib.csproj", "{CC5AE80E-7596-45A8-BAAF-8D66AE99953F}"
EndProject
Global
	GlobalSection(SolutionConfigurationPlatforms) = preSolution
		Debug|Any CPU = Debug|Any CPU
		Release|Any CPU = Release|Any CPU
	EndGlobalSection
	GlobalSection(ProjectConfigurationPlatforms) = postSolution
		{9075802F-D5C5-46D1-8AFB-F479DFD5F228}.Debug|Any CPU.ActiveCfg = Debug|Any CPU
		{9075802F-D5C5-46D1-8AFB-F479DFD5F228}.Debug|Any CPU.Build.0 = Debug|Any CPU
		{9075802F-D5C5-46D1-8AFB-F479DFD5F228}.Release|Any CPU.ActiveCfg = Release|Any CPU
		{9075802F-D5C5-46D1-8AFB-F479DFD5F228}.Release|Any CPU.Build.0 = Release|Any CPU
		{CC5AE80E-7596-45A8-BAAF-8D66AE99953F}.Debug|Any CPU.ActiveCfg = Debug|Any CPU
		{CC5AE80E-7596-45A8-BAAF-8D66AE99953F}.Debug|Any CPU.Build.0 = Debug|Any CPU
		{CC5AE80E-7596-45A8-BAAF-8D66AE99953F}.Release|Any CPU.ActiveCfg = Release|Any CPU
		{CC5AE80E-7596-45A8-BAAF-8D66AE99953F}.Release|Any CPU.Build.0 = Release|Any CPU
	EndGlobalSection
	GlobalSection(SolutionProperties) = preSolution
		HideSolutionNode = FALSE
	EndGlobalSection
	GlobalSection(ExtensibilityGlobals) = postSolution
		SolutionGuid = {DB13CA67-318A-4761-A8F9-D10E043E0919}
	EndGlobalSection
EndGlobal
